
Microsoft Visual Studio Solution File, Format Version 12.00
# Visual Studio Version 16
VisualStudioVersion = 16.0.30114.105
MinimumVisualStudioVersion = 10.0.40219.1
Project("{FAE04EC0-301F-11D3-BF4B-00C04F79EFBC}") = "Operations", "Operations\Operations.csproj", "{88C8F0E7-6885-4009-962F-86E0E3748ED8}"
EndProject
Global
	GlobalSection(SolutionConfigurationPlatforms) = preSolution
		Debug|Any CPU = Debug|Any CPU
		Release|Any CPU = Release|Any CPU
	EndGlobalSection
	GlobalSection(ProjectConfigurationPlatforms) = postSolution
		{88C8F0E7-6885-4009-962F-86E0E3748ED8}.Debug|Any CPU.ActiveCfg = Debug|Any CPU
		{88C8F0E7-6885-4009-962F-86E0E3748ED8}.Debug|Any CPU.Build.0 = Debug|Any CPU
		{88C8F0E7-6885-4009-962F-86E0E3748ED8}.Release|Any CPU.ActiveCfg = Release|Any CPU
		{88C8F0E7-6885-4009-962F-86E0E3748ED8}.Release|Any CPU.Build.0 = Release|Any CPU
	EndGlobalSection
	GlobalSection(SolutionProperties) = preSolution
		HideSolutionNode = FALSE
	EndGlobalSection
	GlobalSection(ExtensibilityGlobals) = postSolution
		SolutionGuid = {50DC9627-3989-48D7-A82F-F664AAB52BDA}
	EndGlobalSection
EndGlobal
