
Microsoft Visual Studio Solution File, Format Version 12.00
# Visual Studio Version 16
VisualStudioVersion = 16.0.30114.105
MinimumVisualStudioVersion = 10.0.40219.1
Project("{FAE04EC0-301F-11D3-BF4B-00C04F79EFBC}") = "1. Ages", "1. Ages\1. Ages.csproj", "{59E5123A-F9FF-47A0-B5E7-399729242680}"
EndProject
Project("{FAE04EC0-301F-11D3-BF4B-00C04F79EFBC}") = "2. Division", "2. Division\2. Division.csproj", "{D73D50C6-65B0-4463-8BE6-FCC729AC0D33}"
EndProject
Project("{FAE04EC0-301F-11D3-BF4B-00C04F79EFBC}") = "3. Vacation", "3. Vacation\3. Vacation.csproj", "{C3EE92D6-0383-4446-9D64-F02A006F0CC3}"
EndProject
Project("{FAE04EC0-301F-11D3-BF4B-00C04F79EFBC}") = "4. Print and sum", "4. Print and sum\4. Print and sum.csproj", "{8EA114D7-684A-4B2A-9970-CDF829707BF4}"
EndProject
Project("{FAE04EC0-301F-11D3-BF4B-00C04F79EFBC}") = "5. Login", "5. Login\5. Login.csproj", "{3C3A1454-2BE8-4347-B056-E18BA35CACB9}"
EndProject
Project("{FAE04EC0-301F-11D3-BF4B-00C04F79EFBC}") = "6. Strong number", "6. Strong number\6. Strong number.csproj", "{65B3B5F0-8BAD-414A-8C0C-C9B1D6248DC6}"
EndProject
Project("{FAE04EC0-301F-11D3-BF4B-00C04F79EFBC}") = "7. Vending machine", "7. Vending machine\7. Vending machine.csproj", "{1EB21FED-9292-47FB-A9D6-0BE76FC3A8AC}"
EndProject
Project("{FAE04EC0-301F-11D3-BF4B-00C04F79EFBC}") = "8. Triangle of numbers", "8. Triangle of numbers\8. Triangle of numbers.csproj", "{EA54B35A-5A53-4C5A-8DBA-6F3766C8D44F}"
EndProject
Project("{FAE04EC0-301F-11D3-BF4B-00C04F79EFBC}") = "9. Padawan Equipment", "9. Padawan Equipment\9. Padawan Equipment.csproj", "{015441A8-7682-4D89-ADEE-CAF649D4B669}"
EndProject
Project("{FAE04EC0-301F-11D3-BF4B-00C04F79EFBC}") = "10. Rage Expenses", "10. Rage Expenses\10. Rage Expenses.csproj", "{8A8C0B97-928B-4D2D-8563-2ACC1B297C79}"
EndProject
Global
	GlobalSection(SolutionConfigurationPlatforms) = preSolution
		Debug|Any CPU = Debug|Any CPU
		Release|Any CPU = Release|Any CPU
	EndGlobalSection
	GlobalSection(ProjectConfigurationPlatforms) = postSolution
		{59E5123A-F9FF-47A0-B5E7-399729242680}.Debug|Any CPU.ActiveCfg = Debug|Any CPU
		{59E5123A-F9FF-47A0-B5E7-399729242680}.Debug|Any CPU.Build.0 = Debug|Any CPU
		{59E5123A-F9FF-47A0-B5E7-399729242680}.Release|Any CPU.ActiveCfg = Release|Any CPU
		{59E5123A-F9FF-47A0-B5E7-399729242680}.Release|Any CPU.Build.0 = Release|Any CPU
		{D73D50C6-65B0-4463-8BE6-FCC729AC0D33}.Debug|Any CPU.ActiveCfg = Debug|Any CPU
		{D73D50C6-65B0-4463-8BE6-FCC729AC0D33}.Debug|Any CPU.Build.0 = Debug|Any CPU
		{D73D50C6-65B0-4463-8BE6-FCC729AC0D33}.Release|Any CPU.ActiveCfg = Release|Any CPU
		{D73D50C6-65B0-4463-8BE6-FCC729AC0D33}.Release|Any CPU.Build.0 = Release|Any CPU
		{C3EE92D6-0383-4446-9D64-F02A006F0CC3}.Debug|Any CPU.ActiveCfg = Debug|Any CPU
		{C3EE92D6-0383-4446-9D64-F02A006F0CC3}.Debug|Any CPU.Build.0 = Debug|Any CPU
		{C3EE92D6-0383-4446-9D64-F02A006F0CC3}.Release|Any CPU.ActiveCfg = Release|Any CPU
		{C3EE92D6-0383-4446-9D64-F02A006F0CC3}.Release|Any CPU.Build.0 = Release|Any CPU
		{8EA114D7-684A-4B2A-9970-CDF829707BF4}.Debug|Any CPU.ActiveCfg = Debug|Any CPU
		{8EA114D7-684A-4B2A-9970-CDF829707BF4}.Debug|Any CPU.Build.0 = Debug|Any CPU
		{8EA114D7-684A-4B2A-9970-CDF829707BF4}.Release|Any CPU.ActiveCfg = Release|Any CPU
		{8EA114D7-684A-4B2A-9970-CDF829707BF4}.Release|Any CPU.Build.0 = Release|Any CPU
		{3C3A1454-2BE8-4347-B056-E18BA35CACB9}.Debug|Any CPU.ActiveCfg = Debug|Any CPU
		{3C3A1454-2BE8-4347-B056-E18BA35CACB9}.Debug|Any CPU.Build.0 = Debug|Any CPU
		{3C3A1454-2BE8-4347-B056-E18BA35CACB9}.Release|Any CPU.ActiveCfg = Release|Any CPU
		{3C3A1454-2BE8-4347-B056-E18BA35CACB9}.Release|Any CPU.Build.0 = Release|Any CPU
		{65B3B5F0-8BAD-414A-8C0C-C9B1D6248DC6}.Debug|Any CPU.ActiveCfg = Debug|Any CPU
		{65B3B5F0-8BAD-414A-8C0C-C9B1D6248DC6}.Debug|Any CPU.Build.0 = Debug|Any CPU
		{65B3B5F0-8BAD-414A-8C0C-C9B1D6248DC6}.Release|Any CPU.ActiveCfg = Release|Any CPU
		{65B3B5F0-8BAD-414A-8C0C-C9B1D6248DC6}.Release|Any CPU.Build.0 = Release|Any CPU
		{1EB21FED-9292-47FB-A9D6-0BE76FC3A8AC}.Debug|Any CPU.ActiveCfg = Debug|Any CPU
		{1EB21FED-9292-47FB-A9D6-0BE76FC3A8AC}.Debug|Any CPU.Build.0 = Debug|Any CPU
		{1EB21FED-9292-47FB-A9D6-0BE76FC3A8AC}.Release|Any CPU.ActiveCfg = Release|Any CPU
		{1EB21FED-9292-47FB-A9D6-0BE76FC3A8AC}.Release|Any CPU.Build.0 = Release|Any CPU
		{EA54B35A-5A53-4C5A-8DBA-6F3766C8D44F}.Debug|Any CPU.ActiveCfg = Debug|Any CPU
		{EA54B35A-5A53-4C5A-8DBA-6F3766C8D44F}.Debug|Any CPU.Build.0 = Debug|Any CPU
		{EA54B35A-5A53-4C5A-8DBA-6F3766C8D44F}.Release|Any CPU.ActiveCfg = Release|Any CPU
		{EA54B35A-5A53-4C5A-8DBA-6F3766C8D44F}.Release|Any CPU.Build.0 = Release|Any CPU
		{015441A8-7682-4D89-ADEE-CAF649D4B669}.Debug|Any CPU.ActiveCfg = Debug|Any CPU
		{015441A8-7682-4D89-ADEE-CAF649D4B669}.Debug|Any CPU.Build.0 = Debug|Any CPU
		{015441A8-7682-4D89-ADEE-CAF649D4B669}.Release|Any CPU.ActiveCfg = Release|Any CPU
		{015441A8-7682-4D89-ADEE-CAF649D4B669}.Release|Any CPU.Build.0 = Release|Any CPU
		{8A8C0B97-928B-4D2D-8563-2ACC1B297C79}.Debug|Any CPU.ActiveCfg = Debug|Any CPU
		{8A8C0B97-928B-4D2D-8563-2ACC1B297C79}.Debug|Any CPU.Build.0 = Debug|Any CPU
		{8A8C0B97-928B-4D2D-8563-2ACC1B297C79}.Release|Any CPU.ActiveCfg = Release|Any CPU
		{8A8C0B97-928B-4D2D-8563-2ACC1B297C79}.Release|Any CPU.Build.0 = Release|Any CPU
	EndGlobalSection
	GlobalSection(SolutionProperties) = preSolution
		HideSolutionNode = FALSE
	EndGlobalSection
	GlobalSection(ExtensibilityGlobals) = postSolution
		SolutionGuid = {55791C32-D040-4B38-8B3A-86FA728CD258}
	EndGlobalSection
EndGlobal
