
Microsoft Visual Studio Solution File, Format Version 12.00
# Visual Studio Version 16
VisualStudioVersion = 16.0.30114.105
MinimumVisualStudioVersion = 10.0.40219.1
Project("{9A19103F-16F7-4668-BE54-9A1E7A4F7556}") = "1. Sort Numbers", "1. Sort Numbers\1. Sort Numbers.csproj", "{2D2CB3C2-9914-45E8-851A-1A20AF9AF5E1}"
EndProject
Project("{9A19103F-16F7-4668-BE54-9A1E7A4F7556}") = "2. English Name of the Last Digit", "2. English Name of the Last Digit\2. English Name of the Last Digit.csproj", "{2D6B8ACE-BD8A-45DD-A71E-7FFF53D2F93B}"
EndProject
Project("{FAE04EC0-301F-11D3-BF4B-00C04F79EFBC}") = "3. Gaming store", "3. Gaming store\3. Gaming store.csproj", "{F76AE117-710C-45E1-B651-3F6D4133579C}"
EndProject
Project("{FAE04EC0-301F-11D3-BF4B-00C04F79EFBC}") = "4. Reverse string", "4. Reverse string\4. Reverse string.csproj", "{4E1B9B63-20DE-4572-949B-9DBB2235520C}"
EndProject
Project("{FAE04EC0-301F-11D3-BF4B-00C04F79EFBC}") = "5. Messages", "5. Messages\5. Messages.csproj", "{284EB1EA-0AC2-4AEE-ABF6-216D042C28FD}"
EndProject
Global
	GlobalSection(SolutionConfigurationPlatforms) = preSolution
		Debug|Any CPU = Debug|Any CPU
		Release|Any CPU = Release|Any CPU
	EndGlobalSection
	GlobalSection(ProjectConfigurationPlatforms) = postSolution
		{2D2CB3C2-9914-45E8-851A-1A20AF9AF5E1}.Debug|Any CPU.ActiveCfg = Debug|Any CPU
		{2D2CB3C2-9914-45E8-851A-1A20AF9AF5E1}.Debug|Any CPU.Build.0 = Debug|Any CPU
		{2D2CB3C2-9914-45E8-851A-1A20AF9AF5E1}.Release|Any CPU.ActiveCfg = Release|Any CPU
		{2D2CB3C2-9914-45E8-851A-1A20AF9AF5E1}.Release|Any CPU.Build.0 = Release|Any CPU
		{2D6B8ACE-BD8A-45DD-A71E-7FFF53D2F93B}.Debug|Any CPU.ActiveCfg = Debug|Any CPU
		{2D6B8ACE-BD8A-45DD-A71E-7FFF53D2F93B}.Debug|Any CPU.Build.0 = Debug|Any CPU
		{2D6B8ACE-BD8A-45DD-A71E-7FFF53D2F93B}.Release|Any CPU.ActiveCfg = Release|Any CPU
		{2D6B8ACE-BD8A-45DD-A71E-7FFF53D2F93B}.Release|Any CPU.Build.0 = Release|Any CPU
		{F76AE117-710C-45E1-B651-3F6D4133579C}.Debug|Any CPU.ActiveCfg = Debug|Any CPU
		{F76AE117-710C-45E1-B651-3F6D4133579C}.Debug|Any CPU.Build.0 = Debug|Any CPU
		{F76AE117-710C-45E1-B651-3F6D4133579C}.Release|Any CPU.ActiveCfg = Release|Any CPU
		{F76AE117-710C-45E1-B651-3F6D4133579C}.Release|Any CPU.Build.0 = Release|Any CPU
		{4E1B9B63-20DE-4572-949B-9DBB2235520C}.Debug|Any CPU.ActiveCfg = Debug|Any CPU
		{4E1B9B63-20DE-4572-949B-9DBB2235520C}.Debug|Any CPU.Build.0 = Debug|Any CPU
		{4E1B9B63-20DE-4572-949B-9DBB2235520C}.Release|Any CPU.ActiveCfg = Release|Any CPU
		{4E1B9B63-20DE-4572-949B-9DBB2235520C}.Release|Any CPU.Build.0 = Release|Any CPU
		{284EB1EA-0AC2-4AEE-ABF6-216D042C28FD}.Debug|Any CPU.ActiveCfg = Debug|Any CPU
		{284EB1EA-0AC2-4AEE-ABF6-216D042C28FD}.Debug|Any CPU.Build.0 = Debug|Any CPU
		{284EB1EA-0AC2-4AEE-ABF6-216D042C28FD}.Release|Any CPU.ActiveCfg = Release|Any CPU
		{284EB1EA-0AC2-4AEE-ABF6-216D042C28FD}.Release|Any CPU.Build.0 = Release|Any CPU
	EndGlobalSection
	GlobalSection(SolutionProperties) = preSolution
		HideSolutionNode = FALSE
	EndGlobalSection
	GlobalSection(ExtensibilityGlobals) = postSolution
		SolutionGuid = {09DAD993-0B59-4D17-B45F-74F74D125D7E}
	EndGlobalSection
EndGlobal
