
Microsoft Visual Studio Solution File, Format Version 12.00
# Visual Studio Version 16
VisualStudioVersion = 16.0.30114.105
MinimumVisualStudioVersion = 10.0.40219.1
Project("{9A19103F-16F7-4668-BE54-9A1E7A4F7556}") = "LootBox", "LootBox\LootBox.csproj", "{0EEFFEB5-0FBD-49B4-A840-4151D768EBB1}"
EndProject
Project("{9A19103F-16F7-4668-BE54-9A1E7A4F7556}") = "ReVolt", "ReVolt\ReVolt.csproj", "{2E2DA240-A160-4904-8804-320D6BF8EA6E}"
EndProject
Project("{FAE04EC0-301F-11D3-BF4B-00C04F79EFBC}") = "Guild", "Guild\Guild.csproj", "{16906614-AF8F-4160-BA70-B09CDBADD7A0}"
EndProject
Global
	GlobalSection(SolutionConfigurationPlatforms) = preSolution
		Debug|Any CPU = Debug|Any CPU
		Release|Any CPU = Release|Any CPU
	EndGlobalSection
	GlobalSection(ProjectConfigurationPlatforms) = postSolution
		{0EEFFEB5-0FBD-49B4-A840-4151D768EBB1}.Debug|Any CPU.ActiveCfg = Debug|Any CPU
		{0EEFFEB5-0FBD-49B4-A840-4151D768EBB1}.Debug|Any CPU.Build.0 = Debug|Any CPU
		{0EEFFEB5-0FBD-49B4-A840-4151D768EBB1}.Release|Any CPU.ActiveCfg = Release|Any CPU
		{0EEFFEB5-0FBD-49B4-A840-4151D768EBB1}.Release|Any CPU.Build.0 = Release|Any CPU
		{2E2DA240-A160-4904-8804-320D6BF8EA6E}.Debug|Any CPU.ActiveCfg = Debug|Any CPU
		{2E2DA240-A160-4904-8804-320D6BF8EA6E}.Debug|Any CPU.Build.0 = Debug|Any CPU
		{2E2DA240-A160-4904-8804-320D6BF8EA6E}.Release|Any CPU.ActiveCfg = Release|Any CPU
		{2E2DA240-A160-4904-8804-320D6BF8EA6E}.Release|Any CPU.Build.0 = Release|Any CPU
		{16906614-AF8F-4160-BA70-B09CDBADD7A0}.Debug|Any CPU.ActiveCfg = Debug|Any CPU
		{16906614-AF8F-4160-BA70-B09CDBADD7A0}.Debug|Any CPU.Build.0 = Debug|Any CPU
		{16906614-AF8F-4160-BA70-B09CDBADD7A0}.Release|Any CPU.ActiveCfg = Release|Any CPU
		{16906614-AF8F-4160-BA70-B09CDBADD7A0}.Release|Any CPU.Build.0 = Release|Any CPU
	EndGlobalSection
	GlobalSection(SolutionProperties) = preSolution
		HideSolutionNode = FALSE
	EndGlobalSection
	GlobalSection(ExtensibilityGlobals) = postSolution
		SolutionGuid = {E951F945-6955-4C31-957D-B871EE59D4D3}
	EndGlobalSection
EndGlobal
