
Microsoft Visual Studio Solution File, Format Version 12.00
# Visual Studio Version 16
VisualStudioVersion = 16.0.30114.105
MinimumVisualStudioVersion = 10.0.40219.1
Project("{FAE04EC0-301F-11D3-BF4B-00C04F79EFBC}") = "PersonInfo", "PersonInfo\PersonInfo.csproj", "{3C2FC6F0-DCC8-46B9-B652-8620A92FE0C4}"
EndProject
Project("{FAE04EC0-301F-11D3-BF4B-00C04F79EFBC}") = "Telephony", "Telephony\Telephony.csproj", "{4A9FFDBF-6156-4C8E-9C46-3041ECDE5B29}"
EndProject
Global
	GlobalSection(SolutionConfigurationPlatforms) = preSolution
		Debug|Any CPU = Debug|Any CPU
		Release|Any CPU = Release|Any CPU
	EndGlobalSection
	GlobalSection(ProjectConfigurationPlatforms) = postSolution
		{3C2FC6F0-DCC8-46B9-B652-8620A92FE0C4}.Debug|Any CPU.ActiveCfg = Debug|Any CPU
		{3C2FC6F0-DCC8-46B9-B652-8620A92FE0C4}.Debug|Any CPU.Build.0 = Debug|Any CPU
		{3C2FC6F0-DCC8-46B9-B652-8620A92FE0C4}.Release|Any CPU.ActiveCfg = Release|Any CPU
		{3C2FC6F0-DCC8-46B9-B652-8620A92FE0C4}.Release|Any CPU.Build.0 = Release|Any CPU
		{4A9FFDBF-6156-4C8E-9C46-3041ECDE5B29}.Debug|Any CPU.ActiveCfg = Debug|Any CPU
		{4A9FFDBF-6156-4C8E-9C46-3041ECDE5B29}.Debug|Any CPU.Build.0 = Debug|Any CPU
		{4A9FFDBF-6156-4C8E-9C46-3041ECDE5B29}.Release|Any CPU.ActiveCfg = Release|Any CPU
		{4A9FFDBF-6156-4C8E-9C46-3041ECDE5B29}.Release|Any CPU.Build.0 = Release|Any CPU
	EndGlobalSection
	GlobalSection(SolutionProperties) = preSolution
		HideSolutionNode = FALSE
	EndGlobalSection
	GlobalSection(ExtensibilityGlobals) = postSolution
		SolutionGuid = {FFC17011-7D86-4493-A59D-C559CEB84EBB}
	EndGlobalSection
EndGlobal
