
Microsoft Visual Studio Solution File, Format Version 12.00
# Visual Studio Version 16
VisualStudioVersion = 16.0.30114.105
MinimumVisualStudioVersion = 10.0.40219.1
Project("{FAE04EC0-301F-11D3-BF4B-00C04F79EFBC}") = "1. Bonus Scoring System", "1. FirstTask\1. Bonus Scoring System.csproj", "{F6D3CDF4-F21F-44BB-A08B-50A88518D3A2}"
EndProject
Project("{FAE04EC0-301F-11D3-BF4B-00C04F79EFBC}") = "2. MuOnline", "2. MuOnline\2. MuOnline.csproj", "{FE3A8CB2-D7AB-4CEE-A5C9-017C3445EAB7}"
EndProject
Project("{FAE04EC0-301F-11D3-BF4B-00C04F79EFBC}") = "3. Inventory", "3. Inventory\3. Inventory.csproj", "{454FB92F-AF2A-4075-90C2-5F45072AA5C0}"
EndProject
Global
	GlobalSection(SolutionConfigurationPlatforms) = preSolution
		Debug|Any CPU = Debug|Any CPU
		Release|Any CPU = Release|Any CPU
	EndGlobalSection
	GlobalSection(ProjectConfigurationPlatforms) = postSolution
		{F6D3CDF4-F21F-44BB-A08B-50A88518D3A2}.Debug|Any CPU.ActiveCfg = Debug|Any CPU
		{F6D3CDF4-F21F-44BB-A08B-50A88518D3A2}.Debug|Any CPU.Build.0 = Debug|Any CPU
		{F6D3CDF4-F21F-44BB-A08B-50A88518D3A2}.Release|Any CPU.ActiveCfg = Release|Any CPU
		{F6D3CDF4-F21F-44BB-A08B-50A88518D3A2}.Release|Any CPU.Build.0 = Release|Any CPU
		{FE3A8CB2-D7AB-4CEE-A5C9-017C3445EAB7}.Debug|Any CPU.ActiveCfg = Debug|Any CPU
		{FE3A8CB2-D7AB-4CEE-A5C9-017C3445EAB7}.Debug|Any CPU.Build.0 = Debug|Any CPU
		{FE3A8CB2-D7AB-4CEE-A5C9-017C3445EAB7}.Release|Any CPU.ActiveCfg = Release|Any CPU
		{FE3A8CB2-D7AB-4CEE-A5C9-017C3445EAB7}.Release|Any CPU.Build.0 = Release|Any CPU
		{454FB92F-AF2A-4075-90C2-5F45072AA5C0}.Debug|Any CPU.ActiveCfg = Debug|Any CPU
		{454FB92F-AF2A-4075-90C2-5F45072AA5C0}.Debug|Any CPU.Build.0 = Debug|Any CPU
		{454FB92F-AF2A-4075-90C2-5F45072AA5C0}.Release|Any CPU.ActiveCfg = Release|Any CPU
		{454FB92F-AF2A-4075-90C2-5F45072AA5C0}.Release|Any CPU.Build.0 = Release|Any CPU
	EndGlobalSection
	GlobalSection(SolutionProperties) = preSolution
		HideSolutionNode = FALSE
	EndGlobalSection
	GlobalSection(ExtensibilityGlobals) = postSolution
		SolutionGuid = {8E6F87F9-BCD8-49C6-BE1A-8F5BD2ED8665}
	EndGlobalSection
EndGlobal
