
Microsoft Visual Studio Solution File, Format Version 12.00
# Visual Studio Version 16
VisualStudioVersion = 16.0.30114.105
MinimumVisualStudioVersion = 10.0.40219.1
Project("{9A19103F-16F7-4668-BE54-9A1E7A4F7556}") = "DIContainer", "DIContainer\DIContainer.csproj", "{D1C6E877-E0EF-4E45-8729-4CDF8D3E1D28}"
EndProject
Project("{9A19103F-16F7-4668-BE54-9A1E7A4F7556}") = "DummyGame", "DummyGame\DummyGame.csproj", "{BB3AB82D-0399-4C33-A3D9-C32B46323D3E}"
EndProject
Project("{FAE04EC0-301F-11D3-BF4B-00C04F79EFBC}") = "NetCoreDI", "NetCoreDI\NetCoreDI.csproj", "{0838AFBC-032C-4F0C-B70F-6DCF8E00E15C}"
EndProject
Global
	GlobalSection(SolutionConfigurationPlatforms) = preSolution
		Debug|Any CPU = Debug|Any CPU
		Release|Any CPU = Release|Any CPU
	EndGlobalSection
	GlobalSection(ProjectConfigurationPlatforms) = postSolution
		{D1C6E877-E0EF-4E45-8729-4CDF8D3E1D28}.Debug|Any CPU.ActiveCfg = Debug|Any CPU
		{D1C6E877-E0EF-4E45-8729-4CDF8D3E1D28}.Debug|Any CPU.Build.0 = Debug|Any CPU
		{D1C6E877-E0EF-4E45-8729-4CDF8D3E1D28}.Release|Any CPU.ActiveCfg = Release|Any CPU
		{D1C6E877-E0EF-4E45-8729-4CDF8D3E1D28}.Release|Any CPU.Build.0 = Release|Any CPU
		{BB3AB82D-0399-4C33-A3D9-C32B46323D3E}.Debug|Any CPU.ActiveCfg = Debug|Any CPU
		{BB3AB82D-0399-4C33-A3D9-C32B46323D3E}.Debug|Any CPU.Build.0 = Debug|Any CPU
		{BB3AB82D-0399-4C33-A3D9-C32B46323D3E}.Release|Any CPU.ActiveCfg = Release|Any CPU
		{BB3AB82D-0399-4C33-A3D9-C32B46323D3E}.Release|Any CPU.Build.0 = Release|Any CPU
		{0838AFBC-032C-4F0C-B70F-6DCF8E00E15C}.Debug|Any CPU.ActiveCfg = Debug|Any CPU
		{0838AFBC-032C-4F0C-B70F-6DCF8E00E15C}.Debug|Any CPU.Build.0 = Debug|Any CPU
		{0838AFBC-032C-4F0C-B70F-6DCF8E00E15C}.Release|Any CPU.ActiveCfg = Release|Any CPU
		{0838AFBC-032C-4F0C-B70F-6DCF8E00E15C}.Release|Any CPU.Build.0 = Release|Any CPU
	EndGlobalSection
	GlobalSection(SolutionProperties) = preSolution
		HideSolutionNode = FALSE
	EndGlobalSection
	GlobalSection(ExtensibilityGlobals) = postSolution
		SolutionGuid = {7976936F-A05D-4C8A-AAFF-242AFB8C0CD9}
	EndGlobalSection
EndGlobal
