
Microsoft Visual Studio Solution File, Format Version 12.00
# Visual Studio Version 16
VisualStudioVersion = 16.0.30114.105
MinimumVisualStudioVersion = 10.0.40219.1
Project("{9A19103F-16F7-4668-BE54-9A1E7A4F7556}") = "Farm", "Farm\Farm.csproj", "{B2E3FB70-76B7-497D-B3E8-2B5E26B1CD82}"
EndProject
Project("{9A19103F-16F7-4668-BE54-9A1E7A4F7556}") = "CustomRandomList", "CustomRandomList\CustomRandomList.csproj", "{4C1F5961-DD43-4DC6-96F6-795172879598}"
EndProject
Project("{FAE04EC0-301F-11D3-BF4B-00C04F79EFBC}") = "CustomStack", "CustomStack\CustomStack.csproj", "{AC9C4BDA-D6EC-4F1D-AED1-4EC77334FD5C}"
EndProject
Global
	GlobalSection(SolutionConfigurationPlatforms) = preSolution
		Debug|Any CPU = Debug|Any CPU
		Release|Any CPU = Release|Any CPU
	EndGlobalSection
	GlobalSection(ProjectConfigurationPlatforms) = postSolution
		{B2E3FB70-76B7-497D-B3E8-2B5E26B1CD82}.Debug|Any CPU.ActiveCfg = Debug|Any CPU
		{B2E3FB70-76B7-497D-B3E8-2B5E26B1CD82}.Debug|Any CPU.Build.0 = Debug|Any CPU
		{B2E3FB70-76B7-497D-B3E8-2B5E26B1CD82}.Release|Any CPU.ActiveCfg = Release|Any CPU
		{B2E3FB70-76B7-497D-B3E8-2B5E26B1CD82}.Release|Any CPU.Build.0 = Release|Any CPU
		{4C1F5961-DD43-4DC6-96F6-795172879598}.Debug|Any CPU.ActiveCfg = Debug|Any CPU
		{4C1F5961-DD43-4DC6-96F6-795172879598}.Debug|Any CPU.Build.0 = Debug|Any CPU
		{4C1F5961-DD43-4DC6-96F6-795172879598}.Release|Any CPU.ActiveCfg = Release|Any CPU
		{4C1F5961-DD43-4DC6-96F6-795172879598}.Release|Any CPU.Build.0 = Release|Any CPU
		{AC9C4BDA-D6EC-4F1D-AED1-4EC77334FD5C}.Debug|Any CPU.ActiveCfg = Debug|Any CPU
		{AC9C4BDA-D6EC-4F1D-AED1-4EC77334FD5C}.Debug|Any CPU.Build.0 = Debug|Any CPU
		{AC9C4BDA-D6EC-4F1D-AED1-4EC77334FD5C}.Release|Any CPU.ActiveCfg = Release|Any CPU
		{AC9C4BDA-D6EC-4F1D-AED1-4EC77334FD5C}.Release|Any CPU.Build.0 = Release|Any CPU
	EndGlobalSection
	GlobalSection(SolutionProperties) = preSolution
		HideSolutionNode = FALSE
	EndGlobalSection
	GlobalSection(ExtensibilityGlobals) = postSolution
		SolutionGuid = {FAA70518-3B8B-4D73-B191-E12C6B185381}
	EndGlobalSection
EndGlobal
