
Microsoft Visual Studio Solution File, Format Version 12.00
# Visual Studio Version 16
VisualStudioVersion = 16.0.30114.105
MinimumVisualStudioVersion = 10.0.40219.1
Project("{9A19103F-16F7-4668-BE54-9A1E7A4F7556}") = "1.SortEvenNumbers", "1.SortEvenNumbers\1.SortEvenNumbers.csproj", "{16A71A07-1168-42CF-958F-EDC138B9D379}"
EndProject
Project("{FAE04EC0-301F-11D3-BF4B-00C04F79EFBC}") = "2.SumNumbers", "2.SumNumbers\2.SumNumbers.csproj", "{65FC77AF-02FB-4E36-92FF-CD987EE7DD77}"
EndProject
Project("{FAE04EC0-301F-11D3-BF4B-00C04F79EFBC}") = "3.CountUppercaseWords", "3.CountUppercaseWords\3.CountUppercaseWords.csproj", "{539F0C13-FEB1-4442-8437-E7D4709E7A55}"
EndProject
Project("{FAE04EC0-301F-11D3-BF4B-00C04F79EFBC}") = "4.AddVAT", "4.AddVAT\4.AddVAT.csproj", "{45968A0A-3DD4-46A3-8FBE-DC537DFBF927}"
EndProject
Project("{FAE04EC0-301F-11D3-BF4B-00C04F79EFBC}") = "5.FilterByAge", "5.FilterByAge\5.FilterByAge.csproj", "{990B2176-B9EC-4CFC-9CD9-9382BAD1B05B}"
EndProject
Global
	GlobalSection(SolutionConfigurationPlatforms) = preSolution
		Debug|Any CPU = Debug|Any CPU
		Release|Any CPU = Release|Any CPU
	EndGlobalSection
	GlobalSection(ProjectConfigurationPlatforms) = postSolution
		{16A71A07-1168-42CF-958F-EDC138B9D379}.Debug|Any CPU.ActiveCfg = Debug|Any CPU
		{16A71A07-1168-42CF-958F-EDC138B9D379}.Debug|Any CPU.Build.0 = Debug|Any CPU
		{16A71A07-1168-42CF-958F-EDC138B9D379}.Release|Any CPU.ActiveCfg = Release|Any CPU
		{16A71A07-1168-42CF-958F-EDC138B9D379}.Release|Any CPU.Build.0 = Release|Any CPU
		{65FC77AF-02FB-4E36-92FF-CD987EE7DD77}.Debug|Any CPU.ActiveCfg = Debug|Any CPU
		{65FC77AF-02FB-4E36-92FF-CD987EE7DD77}.Debug|Any CPU.Build.0 = Debug|Any CPU
		{65FC77AF-02FB-4E36-92FF-CD987EE7DD77}.Release|Any CPU.ActiveCfg = Release|Any CPU
		{65FC77AF-02FB-4E36-92FF-CD987EE7DD77}.Release|Any CPU.Build.0 = Release|Any CPU
		{539F0C13-FEB1-4442-8437-E7D4709E7A55}.Debug|Any CPU.ActiveCfg = Debug|Any CPU
		{539F0C13-FEB1-4442-8437-E7D4709E7A55}.Debug|Any CPU.Build.0 = Debug|Any CPU
		{539F0C13-FEB1-4442-8437-E7D4709E7A55}.Release|Any CPU.ActiveCfg = Release|Any CPU
		{539F0C13-FEB1-4442-8437-E7D4709E7A55}.Release|Any CPU.Build.0 = Release|Any CPU
		{45968A0A-3DD4-46A3-8FBE-DC537DFBF927}.Debug|Any CPU.ActiveCfg = Debug|Any CPU
		{45968A0A-3DD4-46A3-8FBE-DC537DFBF927}.Debug|Any CPU.Build.0 = Debug|Any CPU
		{45968A0A-3DD4-46A3-8FBE-DC537DFBF927}.Release|Any CPU.ActiveCfg = Release|Any CPU
		{45968A0A-3DD4-46A3-8FBE-DC537DFBF927}.Release|Any CPU.Build.0 = Release|Any CPU
		{990B2176-B9EC-4CFC-9CD9-9382BAD1B05B}.Debug|Any CPU.ActiveCfg = Debug|Any CPU
		{990B2176-B9EC-4CFC-9CD9-9382BAD1B05B}.Debug|Any CPU.Build.0 = Debug|Any CPU
		{990B2176-B9EC-4CFC-9CD9-9382BAD1B05B}.Release|Any CPU.ActiveCfg = Release|Any CPU
		{990B2176-B9EC-4CFC-9CD9-9382BAD1B05B}.Release|Any CPU.Build.0 = Release|Any CPU
	EndGlobalSection
	GlobalSection(SolutionProperties) = preSolution
		HideSolutionNode = FALSE
	EndGlobalSection
	GlobalSection(ExtensibilityGlobals) = postSolution
		SolutionGuid = {9A36DDC7-5756-4FC4-87D2-367657FC7BAF}
	EndGlobalSection
EndGlobal
