
Microsoft Visual Studio Solution File, Format Version 12.00
# Visual Studio Version 16
VisualStudioVersion = 16.0.30114.105
MinimumVisualStudioVersion = 10.0.40219.1
Project("{FAE04EC0-301F-11D3-BF4B-00C04F79EFBC}") = "DatingApp", "DatingApp\DatingApp.csproj", "{8B70E426-2102-4A82-83BC-DD921BE1561F}"
EndProject
Project("{FAE04EC0-301F-11D3-BF4B-00C04F79EFBC}") = "BookWorm", "BookWorm\BookWorm.csproj", "{610F99FF-C76E-4EC9-A9D7-B8FA231AD567}"
EndProject
Project("{FAE04EC0-301F-11D3-BF4B-00C04F79EFBC}") = "Rabbits", "Rabbits\Rabbits.csproj", "{26E9CC3B-A073-47BE-BCA5-CAEBECBE9D5D}"
EndProject
Global
	GlobalSection(SolutionConfigurationPlatforms) = preSolution
		Debug|Any CPU = Debug|Any CPU
		Release|Any CPU = Release|Any CPU
	EndGlobalSection
	GlobalSection(ProjectConfigurationPlatforms) = postSolution
		{8B70E426-2102-4A82-83BC-DD921BE1561F}.Debug|Any CPU.ActiveCfg = Debug|Any CPU
		{8B70E426-2102-4A82-83BC-DD921BE1561F}.Debug|Any CPU.Build.0 = Debug|Any CPU
		{8B70E426-2102-4A82-83BC-DD921BE1561F}.Release|Any CPU.ActiveCfg = Release|Any CPU
		{8B70E426-2102-4A82-83BC-DD921BE1561F}.Release|Any CPU.Build.0 = Release|Any CPU
		{610F99FF-C76E-4EC9-A9D7-B8FA231AD567}.Debug|Any CPU.ActiveCfg = Debug|Any CPU
		{610F99FF-C76E-4EC9-A9D7-B8FA231AD567}.Debug|Any CPU.Build.0 = Debug|Any CPU
		{610F99FF-C76E-4EC9-A9D7-B8FA231AD567}.Release|Any CPU.ActiveCfg = Release|Any CPU
		{610F99FF-C76E-4EC9-A9D7-B8FA231AD567}.Release|Any CPU.Build.0 = Release|Any CPU
		{26E9CC3B-A073-47BE-BCA5-CAEBECBE9D5D}.Debug|Any CPU.ActiveCfg = Debug|Any CPU
		{26E9CC3B-A073-47BE-BCA5-CAEBECBE9D5D}.Debug|Any CPU.Build.0 = Debug|Any CPU
		{26E9CC3B-A073-47BE-BCA5-CAEBECBE9D5D}.Release|Any CPU.ActiveCfg = Release|Any CPU
		{26E9CC3B-A073-47BE-BCA5-CAEBECBE9D5D}.Release|Any CPU.Build.0 = Release|Any CPU
	EndGlobalSection
	GlobalSection(SolutionProperties) = preSolution
		HideSolutionNode = FALSE
	EndGlobalSection
	GlobalSection(ExtensibilityGlobals) = postSolution
		SolutionGuid = {0A9A19A7-0504-44D2-981A-31F819925DB0}
	EndGlobalSection
EndGlobal
