
Microsoft Visual Studio Solution File, Format Version 12.00
# Visual Studio Version 16
VisualStudioVersion = 16.0.30114.105
MinimumVisualStudioVersion = 10.0.40219.1
Project("{FAE04EC0-301F-11D3-BF4B-00C04F79EFBC}") = "1. ReverseString", "1. ReverseString\1. ReverseString.csproj", "{FE1E336B-D85E-4847-BEE1-A2175EDF9CBC}"
EndProject
Project("{FAE04EC0-301F-11D3-BF4B-00C04F79EFBC}") = "2. RepeatStrings", "2. RepeatStrings\2. RepeatStrings.csproj", "{D2ACCD76-94B5-4009-AFC1-AC5BEDAA1E96}"
EndProject
Project("{FAE04EC0-301F-11D3-BF4B-00C04F79EFBC}") = "3. Substring", "3. Substring\3. Substring.csproj", "{96E84746-7DE4-436E-B9D9-C1C63E42D76A}"
EndProject
Project("{FAE04EC0-301F-11D3-BF4B-00C04F79EFBC}") = "4. TextFilter", "4. TextFilter\4. TextFilter.csproj", "{56C8F710-43BD-40E9-A9A5-EB72708EF653}"
EndProject
Project("{FAE04EC0-301F-11D3-BF4B-00C04F79EFBC}") = "5. DigitsLettersAndOthers", "5. DigitsLettersAndOthers\5. DigitsLettersAndOthers.csproj", "{0FB5854A-8B77-43C7-BDE3-34E6E08646EF}"
EndProject
Global
	GlobalSection(SolutionConfigurationPlatforms) = preSolution
		Debug|Any CPU = Debug|Any CPU
		Release|Any CPU = Release|Any CPU
	EndGlobalSection
	GlobalSection(ProjectConfigurationPlatforms) = postSolution
		{FE1E336B-D85E-4847-BEE1-A2175EDF9CBC}.Debug|Any CPU.ActiveCfg = Debug|Any CPU
		{FE1E336B-D85E-4847-BEE1-A2175EDF9CBC}.Debug|Any CPU.Build.0 = Debug|Any CPU
		{FE1E336B-D85E-4847-BEE1-A2175EDF9CBC}.Release|Any CPU.ActiveCfg = Release|Any CPU
		{FE1E336B-D85E-4847-BEE1-A2175EDF9CBC}.Release|Any CPU.Build.0 = Release|Any CPU
		{D2ACCD76-94B5-4009-AFC1-AC5BEDAA1E96}.Debug|Any CPU.ActiveCfg = Debug|Any CPU
		{D2ACCD76-94B5-4009-AFC1-AC5BEDAA1E96}.Debug|Any CPU.Build.0 = Debug|Any CPU
		{D2ACCD76-94B5-4009-AFC1-AC5BEDAA1E96}.Release|Any CPU.ActiveCfg = Release|Any CPU
		{D2ACCD76-94B5-4009-AFC1-AC5BEDAA1E96}.Release|Any CPU.Build.0 = Release|Any CPU
		{96E84746-7DE4-436E-B9D9-C1C63E42D76A}.Debug|Any CPU.ActiveCfg = Debug|Any CPU
		{96E84746-7DE4-436E-B9D9-C1C63E42D76A}.Debug|Any CPU.Build.0 = Debug|Any CPU
		{96E84746-7DE4-436E-B9D9-C1C63E42D76A}.Release|Any CPU.ActiveCfg = Release|Any CPU
		{96E84746-7DE4-436E-B9D9-C1C63E42D76A}.Release|Any CPU.Build.0 = Release|Any CPU
		{56C8F710-43BD-40E9-A9A5-EB72708EF653}.Debug|Any CPU.ActiveCfg = Debug|Any CPU
		{56C8F710-43BD-40E9-A9A5-EB72708EF653}.Debug|Any CPU.Build.0 = Debug|Any CPU
		{56C8F710-43BD-40E9-A9A5-EB72708EF653}.Release|Any CPU.ActiveCfg = Release|Any CPU
		{56C8F710-43BD-40E9-A9A5-EB72708EF653}.Release|Any CPU.Build.0 = Release|Any CPU
		{0FB5854A-8B77-43C7-BDE3-34E6E08646EF}.Debug|Any CPU.ActiveCfg = Debug|Any CPU
		{0FB5854A-8B77-43C7-BDE3-34E6E08646EF}.Debug|Any CPU.Build.0 = Debug|Any CPU
		{0FB5854A-8B77-43C7-BDE3-34E6E08646EF}.Release|Any CPU.ActiveCfg = Release|Any CPU
		{0FB5854A-8B77-43C7-BDE3-34E6E08646EF}.Release|Any CPU.Build.0 = Release|Any CPU
	EndGlobalSection
	GlobalSection(SolutionProperties) = preSolution
		HideSolutionNode = FALSE
	EndGlobalSection
	GlobalSection(ExtensibilityGlobals) = postSolution
		SolutionGuid = {1FC216D7-DB59-4C74-B023-450CD0C9511F}
	EndGlobalSection
EndGlobal
